
Microsoft Visual Studio Solution File, Format Version 12.00
# Visual Studio Version 17
VisualStudioVersion = 17.5.002.0
MinimumVisualStudioVersion = 10.0.40219.1
Project("{9A19103F-16F7-4668-BE54-9A1E7A4F7556}") = "L5 - Nicolle West - 1245524", "L5 - Nicolle West - 1245524.csproj", "{90D180DC-CB02-4860-869A-47866C070C5B}"
EndProject
Global
	GlobalSection(SolutionConfigurationPlatforms) = preSolution
		Debug|Any CPU = Debug|Any CPU
		Release|Any CPU = Release|Any CPU
	EndGlobalSection
	GlobalSection(ProjectConfigurationPlatforms) = postSolution
		{90D180DC-CB02-4860-869A-47866C070C5B}.Debug|Any CPU.ActiveCfg = Debug|Any CPU
		{90D180DC-CB02-4860-869A-47866C070C5B}.Debug|Any CPU.Build.0 = Debug|Any CPU
		{90D180DC-CB02-4860-869A-47866C070C5B}.Release|Any CPU.ActiveCfg = Release|Any CPU
		{90D180DC-CB02-4860-869A-47866C070C5B}.Release|Any CPU.Build.0 = Release|Any CPU
	EndGlobalSection
	GlobalSection(SolutionProperties) = preSolution
		HideSolutionNode = FALSE
	EndGlobalSection
	GlobalSection(ExtensibilityGlobals) = postSolution
		SolutionGuid = {900229E5-7CC9-4532-A61D-0E06ACF89AD8}
	EndGlobalSection
EndGlobal
